
Microsoft Visual Studio Solution File, Format Version 12.00
# Visual Studio 15
VisualStudioVersion = 15.0.28010.2019
MinimumVisualStudioVersion = 10.0.40219.1
Project("{888888A0-9F3D-457C-B088-3A5042F75D52}") = "Problem1", "Problem1.pyproj", "{D69BCA39-96DE-46C5-AAA5-76B4DF18464A}"
EndProject
Global
	GlobalSection(SolutionConfigurationPlatforms) = preSolution
		Debug|Any CPU = Debug|Any CPU
		Release|Any CPU = Release|Any CPU
	EndGlobalSection
	GlobalSection(ProjectConfigurationPlatforms) = postSolution
		{D69BCA39-96DE-46C5-AAA5-76B4DF18464A}.Debug|Any CPU.ActiveCfg = Debug|Any CPU
		{D69BCA39-96DE-46C5-AAA5-76B4DF18464A}.Release|Any CPU.ActiveCfg = Release|Any CPU
	EndGlobalSection
	GlobalSection(SolutionProperties) = preSolution
		HideSolutionNode = FALSE
	EndGlobalSection
	GlobalSection(ExtensibilityGlobals) = postSolution
		SolutionGuid = {3F877E04-FD0F-4949-8FB4-B9764429AB38}
	EndGlobalSection
EndGlobal
