
Microsoft Visual Studio Solution File, Format Version 12.00
# Visual Studio 15
VisualStudioVersion = 15.0.28010.2019
MinimumVisualStudioVersion = 10.0.40219.1
Project("{8BC9CEB8-8B4A-11D0-8D11-00A0C91BC942}") = "Problem2", "Problem2.vcxproj", "{58DD5D87-FBDF-4F8A-ACD0-F45F077868D9}"
EndProject
Global
	GlobalSection(SolutionConfigurationPlatforms) = preSolution
		Debug|x64 = Debug|x64
		Debug|x86 = Debug|x86
		Release|x64 = Release|x64
		Release|x86 = Release|x86
	EndGlobalSection
	GlobalSection(ProjectConfigurationPlatforms) = postSolution
		{58DD5D87-FBDF-4F8A-ACD0-F45F077868D9}.Debug|x64.ActiveCfg = Debug|x64
		{58DD5D87-FBDF-4F8A-ACD0-F45F077868D9}.Debug|x64.Build.0 = Debug|x64
		{58DD5D87-FBDF-4F8A-ACD0-F45F077868D9}.Debug|x86.ActiveCfg = Debug|Win32
		{58DD5D87-FBDF-4F8A-ACD0-F45F077868D9}.Debug|x86.Build.0 = Debug|Win32
		{58DD5D87-FBDF-4F8A-ACD0-F45F077868D9}.Release|x64.ActiveCfg = Release|x64
		{58DD5D87-FBDF-4F8A-ACD0-F45F077868D9}.Release|x64.Build.0 = Release|x64
		{58DD5D87-FBDF-4F8A-ACD0-F45F077868D9}.Release|x86.ActiveCfg = Release|Win32
		{58DD5D87-FBDF-4F8A-ACD0-F45F077868D9}.Release|x86.Build.0 = Release|Win32
	EndGlobalSection
	GlobalSection(SolutionProperties) = preSolution
		HideSolutionNode = FALSE
	EndGlobalSection
	GlobalSection(ExtensibilityGlobals) = postSolution
		SolutionGuid = {072AFB7F-1A60-46F1-8269-F665B1FF4B46}
	EndGlobalSection
EndGlobal
